# This file was autogenerated by Stack.
# You should not edit this file by hand.
# For more information, please see the documentation at:
#   https://docs.haskellstack.org/en/stable/lock_files

packages:
- completed:
    hackage: wai-cli-0.2.3@sha256:17ac631c5f11bedb4e32604d351084cafbdb1be4953cd1f521e55f06d82729dc,1958
    pantry-tree:
      size: 269
      sha256: 0b2f8570e15d502cfddd524741b24e4f4a639b0d18ead18f79a0444c25cc0812
  original:
    hackage: wai-cli-0.2.3
- completed:
    hackage: socket-activation-0.1.0.2@sha256:b74e58506259e98214ded7b7c99a2731e8f78f399060c3e52b1b5c876644752f,1244
    pantry-tree:
      size: 298
      sha256: 89e1527d4623083aa0e71a9709e9e7e5f19c5cfa64d6bd819ce69038aff590b8
  original:
    hackage: socket-activation-0.1.0.2
snapshots:
- completed:
    size: 585393
    url: https://raw.githubusercontent.com/commercialhaskell/stackage-snapshots/master/lts/18/0.yaml
    sha256: c632012da648385b9fa3c29f4e0afd56ead299f1c5528ee789058be410e883c0
  original: lts-18.0
