# This file was autogenerated by Stack.
# You should not edit this file by hand.
# For more information, please see the documentation at:
#   https://docs.haskellstack.org/en/stable/lock_files

packages:
- completed:
    hackage: socket-activation-0.1.0.2@sha256:b74e58506259e98214ded7b7c99a2731e8f78f399060c3e52b1b5c876644752f,1244
    pantry-tree:
      sha256: 89e1527d4623083aa0e71a9709e9e7e5f19c5cfa64d6bd819ce69038aff590b8
      size: 298
  original:
    hackage: socket-activation-0.1.0.2
- completed:
    name: aws-lambda-haskell-runtime
    pantry-tree:
      sha256: cbe818955160fdf67ee2f9733cfb2d6389a1d58d3fa18fe1823fe56c98443a10
      size: 3424
    sha256: 28ee50f751329ae2b5d270f00f780dad45f61377a8096ea02cad29e7ec4a33c8
    size: 30452
    url: https://github.com/nomeata/aws-lambda-haskell-runtime/archive/fa19268282a5afff7aa0ba8babc723d835bed4f1.tar.gz
    version: 4.1.1
  original:
    url: https://github.com/nomeata/aws-lambda-haskell-runtime/archive/fa19268282a5afff7aa0ba8babc723d835bed4f1.tar.gz
- completed:
    hackage: aws-lambda-haskell-runtime-wai-2.0.2@sha256:459c183c37e99e13c83002bedb2dc58c2257d2741aeec3f86571ee58361e9404,1986
    pantry-tree:
      sha256: 615c8e2c81cf168df67285e09bf8d70da0c4207d218483a681aa6fb452903b6a
      size: 390
  original:
    hackage: aws-lambda-haskell-runtime-wai-2.0.2
- completed:
    hackage: xml-lens-0.3.1@sha256:8ed0cea5a2c33d665f8e3d7116c91edc466e6954a287d90d496e70550a04493d,1115
    pantry-tree:
      sha256: 9b599a2894f3d4ba9e3eed757ca62456408940344727171578807f2d09271c68
      size: 309
  original:
    hackage: xml-lens-0.3.1
snapshots:
- completed:
    sha256: 7f4393ad659c579944d12202cffb12d8e4b8114566b015f77bbc303a24cff934
    size: 619405
    url: https://raw.githubusercontent.com/commercialhaskell/stackage-snapshots/master/lts/19/28.yaml
  original: lts-19.28
